// !$*UTF8*$!
{
	archiveVersion = 1;
	classes = {
	};
	objectVersion = 46;
	objects = {

/* Begin PBXBuildFile section */
		6E16FCCF1F17EA760075A113 /* ExternalLearnerCell.swift in Sources */ = {isa = PBXBuildFile; fileRef = 6E16FCCE1F17EA760075A113 /* ExternalLearnerCell.swift */; };
		6E1AFBE51F292E870065D9B9 /* DictionaryController.swift in Sources */ = {isa = PBXBuildFile; fileRef = 6E1AFBE41F292E870065D9B9 /* DictionaryController.swift */; };
		6E1AFBE71F29759A0065D9B9 /* MyLanguagesCollectionViewCell.swift in Sources */ = {isa = PBXBuildFile; fileRef = 6E1AFBE61F29759A0065D9B9 /* MyLanguagesCollectionViewCell.swift */; };
		6E1E9B271F25ACBA006C2338 /* PickInterestsController.swift in Sources */ = {isa = PBXBuildFile; fileRef = 6E1E9B261F25ACBA006C2338 /* PickInterestsController.swift */; };
		6E1E9B2B1F25AD10006C2338 /* PickInterestsCell.swift in Sources */ = {isa = PBXBuildFile; fileRef = 6E1E9B2A1F25AD10006C2338 /* PickInterestsCell.swift */; };
		6E1E9B301F263A66006C2338 /* Firebase+Service.swift in Sources */ = {isa = PBXBuildFile; fileRef = 6E1E9B2F1F263A66006C2338 /* Firebase+Service.swift */; };
		6E1E9B341F268DD2006C2338 /* Colors.swift in Sources */ = {isa = PBXBuildFile; fileRef = 6E1E9B331F268DD2006C2338 /* Colors.swift */; };
		6E1E9B361F2693F1006C2338 /* User.swift in Sources */ = {isa = PBXBuildFile; fileRef = 6E1E9B351F2693F1006C2338 /* User.swift */; };
		6E1E9B381F26D825006C2338 /* AuthenticationError+Service.swift in Sources */ = {isa = PBXBuildFile; fileRef = 6E1E9B371F26D825006C2338 /* AuthenticationError+Service.swift */; };
		6E58DBA41F19016D0031E78B /* GoogleService-Info.plist in Resources */ = {isa = PBXBuildFile; fileRef = 6E58DBA31F19016D0031E78B /* GoogleService-Info.plist */; };
		6E58DBB11F1901DC0031E78B /* Roboto-Black.ttf in Resources */ = {isa = PBXBuildFile; fileRef = 6E58DBA51F1901DC0031E78B /* Roboto-Black.ttf */; };
		6E58DBB21F1901DC0031E78B /* Roboto-BlackItalic.ttf in Resources */ = {isa = PBXBuildFile; fileRef = 6E58DBA61F1901DC0031E78B /* Roboto-BlackItalic.ttf */; };
		6E58DBB31F1901DC0031E78B /* Roboto-Bold.ttf in Resources */ = {isa = PBXBuildFile; fileRef = 6E58DBA71F1901DC0031E78B /* Roboto-Bold.ttf */; };
		6E58DBB41F1901DC0031E78B /* Roboto-BoldItalic.ttf in Resources */ = {isa = PBXBuildFile; fileRef = 6E58DBA81F1901DC0031E78B /* Roboto-BoldItalic.ttf */; };
		6E58DBB51F1901DC0031E78B /* Roboto-Italic.ttf in Resources */ = {isa = PBXBuildFile; fileRef = 6E58DBA91F1901DC0031E78B /* Roboto-Italic.ttf */; };
		6E58DBB61F1901DC0031E78B /* Roboto-Light.ttf in Resources */ = {isa = PBXBuildFile; fileRef = 6E58DBAA1F1901DC0031E78B /* Roboto-Light.ttf */; };
		6E58DBB71F1901DC0031E78B /* Roboto-LightItalic.ttf in Resources */ = {isa = PBXBuildFile; fileRef = 6E58DBAB1F1901DC0031E78B /* Roboto-LightItalic.ttf */; };
		6E58DBB81F1901DC0031E78B /* Roboto-Medium.ttf in Resources */ = {isa = PBXBuildFile; fileRef = 6E58DBAC1F1901DC0031E78B /* Roboto-Medium.ttf */; };
		6E58DBB91F1901DC0031E78B /* Roboto-MediumItalic.ttf in Resources */ = {isa = PBXBuildFile; fileRef = 6E58DBAD1F1901DC0031E78B /* Roboto-MediumItalic.ttf */; };
		6E58DBBA1F1901DC0031E78B /* Roboto-Regular.ttf in Resources */ = {isa = PBXBuildFile; fileRef = 6E58DBAE1F1901DC0031E78B /* Roboto-Regular.ttf */; };
		6E58DBBB1F1901DC0031E78B /* Roboto-Thin.ttf in Resources */ = {isa = PBXBuildFile; fileRef = 6E58DBAF1F1901DC0031E78B /* Roboto-Thin.ttf */; };
		6E58DBBC1F1901DC0031E78B /* Roboto-ThinItalic.ttf in Resources */ = {isa = PBXBuildFile; fileRef = 6E58DBB01F1901DC0031E78B /* Roboto-ThinItalic.ttf */; };
		6E58DBBE1F1901E90031E78B /* SignUpController.swift in Sources */ = {isa = PBXBuildFile; fileRef = 6E58DBBD1F1901E90031E78B /* SignUpController.swift */; };
		6E58DBC01F1901F50031E78B /* ExternalLearner.swift in Sources */ = {isa = PBXBuildFile; fileRef = 6E58DBBF1F1901F50031E78B /* ExternalLearner.swift */; };
		6E58DBC61F1902220031E78B /* Constants.swift in Sources */ = {isa = PBXBuildFile; fileRef = 6E58DBC31F1902220031E78B /* Constants.swift */; };
		6E58DBC71F1902220031E78B /* MainFunctions.swift in Sources */ = {isa = PBXBuildFile; fileRef = 6E58DBC41F1902220031E78B /* MainFunctions.swift */; };
		6E58DBCA1F19022E0031E78B /* TextFieldPadding.swift in Sources */ = {isa = PBXBuildFile; fileRef = 6E58DBC91F19022E0031E78B /* TextFieldPadding.swift */; };
		6E632DCA1F17C10000765AB7 /* HomeController.swift in Sources */ = {isa = PBXBuildFile; fileRef = 6E632DC91F17C10000765AB7 /* HomeController.swift */; };
		6E6E20A81F192EC60032ADBC /* CircleImage.swift in Sources */ = {isa = PBXBuildFile; fileRef = 6E6E20A71F192EC60032ADBC /* CircleImage.swift */; };
		6E6E20AA1F1941520032ADBC /* PickTargetLanguageController.swift in Sources */ = {isa = PBXBuildFile; fileRef = 6E6E20A91F1941520032ADBC /* PickTargetLanguageController.swift */; };
		6E717D101F42335600AD050D /* DictionaryCell.swift in Sources */ = {isa = PBXBuildFile; fileRef = 6E717D0F1F42335600AD050D /* DictionaryCell.swift */; };
		6E717D121F42342F00AD050D /* DictionaryEntry.swift in Sources */ = {isa = PBXBuildFile; fileRef = 6E717D111F42342F00AD050D /* DictionaryEntry.swift */; };
		6E717D141F42361C00AD050D /* DictionaryEntryCreationController.swift in Sources */ = {isa = PBXBuildFile; fileRef = 6E717D131F42361C00AD050D /* DictionaryEntryCreationController.swift */; };
		6E76286D1F3B404B00883DD6 /* Spinner.gif in Resources */ = {isa = PBXBuildFile; fileRef = 6E76286C1F3B404B00883DD6 /* Spinner.gif */; };
		6E76286F1F3B58F900883DD6 /* CorrectionsController.swift in Sources */ = {isa = PBXBuildFile; fileRef = 6E76286E1F3B58F900883DD6 /* CorrectionsController.swift */; };
		6E7628711F3B5C6900883DD6 /* CorrectionCell.swift in Sources */ = {isa = PBXBuildFile; fileRef = 6E7628701F3B5C6900883DD6 /* CorrectionCell.swift */; };
		6E7628731F3B5D9400883DD6 /* Correction.swift in Sources */ = {isa = PBXBuildFile; fileRef = 6E7628721F3B5D9400883DD6 /* Correction.swift */; };
		6E7628751F3B837100883DD6 /* StandardLoadingAnimation.gif in Resources */ = {isa = PBXBuildFile; fileRef = 6E7628741F3B837100883DD6 /* StandardLoadingAnimation.gif */; };
		6E7628771F3B9F1400883DD6 /* FullCorrectionController.swift in Sources */ = {isa = PBXBuildFile; fileRef = 6E7628761F3B9F1400883DD6 /* FullCorrectionController.swift */; };
		6E7A162D1F448E00009A5838 /* Home.storyboard in Resources */ = {isa = PBXBuildFile; fileRef = 6E7A162F1F448E00009A5838 /* Home.storyboard */; };
		6E7A16301F448E09009A5838 /* Main.storyboard in Resources */ = {isa = PBXBuildFile; fileRef = 6E7A16321F448E09009A5838 /* Main.storyboard */; };
		6E7A16371F448F48009A5838 /* Localizable.strings in Resources */ = {isa = PBXBuildFile; fileRef = 6E7A16351F448F48009A5838 /* Localizable.strings */; };
		6E82CB861F17E4A600EA6173 /* ShadowTableView.swift in Sources */ = {isa = PBXBuildFile; fileRef = 6E82CB851F17E4A600EA6173 /* ShadowTableView.swift */; };
		6E82CB881F17E4D500EA6173 /* ShadowView.swift in Sources */ = {isa = PBXBuildFile; fileRef = 6E82CB871F17E4D500EA6173 /* ShadowView.swift */; };
		6E8C70E61F1657F90015C107 /* AppDelegate.swift in Sources */ = {isa = PBXBuildFile; fileRef = 6E8C70E51F1657F90015C107 /* AppDelegate.swift */; };
		6E8C70EF1F1657F90015C107 /* Assets.xcassets in Resources */ = {isa = PBXBuildFile; fileRef = 6E8C70EE1F1657F90015C107 /* Assets.xcassets */; };
		6E8C70FD1F1657F90015C107 /* PenPalTests.swift in Sources */ = {isa = PBXBuildFile; fileRef = 6E8C70FC1F1657F90015C107 /* PenPalTests.swift */; };
		6E8C71081F1657FA0015C107 /* PenPalUITests.swift in Sources */ = {isa = PBXBuildFile; fileRef = 6E8C71071F1657FA0015C107 /* PenPalUITests.swift */; };
		6E8F28D91F27902B004DA767 /* CircleButtonImage.swift in Sources */ = {isa = PBXBuildFile; fileRef = 6E8F28D81F27902B004DA767 /* CircleButtonImage.swift */; };
		6E8F28DC1F28D2CA004DA767 /* SettingsController.swift in Sources */ = {isa = PBXBuildFile; fileRef = 6E8F28DB1F28D2CA004DA767 /* SettingsController.swift */; };
		6E960ABA1F290952003E30CA /* CustomTabBar.swift in Sources */ = {isa = PBXBuildFile; fileRef = 6E960AB91F290952003E30CA /* CustomTabBar.swift */; };
		6E9C28761F3CFBB2009C29C9 /* AddNewTargetLanguageController.swift in Sources */ = {isa = PBXBuildFile; fileRef = 6E9C28751F3CFBB2009C29C9 /* AddNewTargetLanguageController.swift */; };
		6ED4BCBB1F38A082008E119E /* Chat.swift in Sources */ = {isa = PBXBuildFile; fileRef = 6ED4BCBA1F38A082008E119E /* Chat.swift */; };
		6ED4BCBD1F38A144008E119E /* Message.swift in Sources */ = {isa = PBXBuildFile; fileRef = 6ED4BCBC1F38A144008E119E /* Message.swift */; };
		6ED4BCBF1F38A583008E119E /* ChatService.swift in Sources */ = {isa = PBXBuildFile; fileRef = 6ED4BCBE1F38A583008E119E /* ChatService.swift */; };
		6ED4BCC51F38B4C0008E119E /* ChatsController.swift in Sources */ = {isa = PBXBuildFile; fileRef = 6ED4BCC41F38B4C0008E119E /* ChatsController.swift */; };
		6ED4BCC81F38B595008E119E /* ChatCell.swift in Sources */ = {isa = PBXBuildFile; fileRef = 6ED4BCC71F38B595008E119E /* ChatCell.swift */; };
		6ED4BCCD1F38C26B008E119E /* MessageController.swift in Sources */ = {isa = PBXBuildFile; fileRef = 6ED4BCCC1F38C26B008E119E /* MessageController.swift */; };
		6ED4BCCF1F3A3280008E119E /* ShadowTextView.swift in Sources */ = {isa = PBXBuildFile; fileRef = 6ED4BCCE1F3A3280008E119E /* ShadowTextView.swift */; };
		6ED4BCD11F3A37FC008E119E /* ShadowButton.swift in Sources */ = {isa = PBXBuildFile; fileRef = 6ED4BCD01F3A37FC008E119E /* ShadowButton.swift */; };
		6ED4BCD31F3A38D7008E119E /* ShadowStackView.swift in Sources */ = {isa = PBXBuildFile; fileRef = 6ED4BCD21F3A38D7008E119E /* ShadowStackView.swift */; };
		6ED4BCD71F3A3CF6008E119E /* MakeNewCorrectionController.swift in Sources */ = {isa = PBXBuildFile; fileRef = 6ED4BCD61F3A3CF6008E119E /* MakeNewCorrectionController.swift */; };
		6EDA58931F19625C0071B3F1 /* Languages.swift in Sources */ = {isa = PBXBuildFile; fileRef = 6EDA58921F19625C0071B3F1 /* Languages.swift */; };
		6EDA58971F1CF7EA0071B3F1 /* PickLanguageCell.swift in Sources */ = {isa = PBXBuildFile; fileRef = 6EDA58961F1CF7EA0071B3F1 /* PickLanguageCell.swift */; };
		6EDA589A1F1D337E0071B3F1 /* PickNativeLanguageController.swift in Sources */ = {isa = PBXBuildFile; fileRef = 6EDA58991F1D337E0071B3F1 /* PickNativeLanguageController.swift */; };
		6EDA589C1F1D33A00071B3F1 /* PickNativeLanguageCell.swift in Sources */ = {isa = PBXBuildFile; fileRef = 6EDA589B1F1D33A00071B3F1 /* PickNativeLanguageCell.swift */; };
		6EDA589E1F1D44FF0071B3F1 /* Interests.swift in Sources */ = {isa = PBXBuildFile; fileRef = 6EDA589D1F1D44FF0071B3F1 /* Interests.swift */; };
		6EE43CBE1F17B91C002FDC96 /* LaunchScreen.storyboard in Resources */ = {isa = PBXBuildFile; fileRef = 6EE43CBC1F17B91C002FDC96 /* LaunchScreen.storyboard */; };
		6EE81B941F18648C00C5CF67 /* InitialLandingPage.swift in Sources */ = {isa = PBXBuildFile; fileRef = 6EE81B931F18648C00C5CF67 /* InitialLandingPage.swift */; };
		6EE81B981F1874D000C5CF67 /* LoginController.swift in Sources */ = {isa = PBXBuildFile; fileRef = 6EE81B971F1874D000C5CF67 /* LoginController.swift */; };
		6EEDACCD1F41E06F00EC12FA /* EditInterestsController.swift in Sources */ = {isa = PBXBuildFile; fileRef = 6EEDACCC1F41E06F00EC12FA /* EditInterestsController.swift */; };
		6EEDACCF1F41E46D00EC12FA /* EditInterestsCell.swift in Sources */ = {isa = PBXBuildFile; fileRef = 6EEDACCE1F41E46D00EC12FA /* EditInterestsCell.swift */; };
		6EEDACD11F41F9F800EC12FA /* AddNewTargetLanguageCell.swift in Sources */ = {isa = PBXBuildFile; fileRef = 6EEDACD01F41F9F800EC12FA /* AddNewTargetLanguageCell.swift */; };
		6EEFD9791F2A6E8B00913452 /* GifPlaying+Helper.swift in Sources */ = {isa = PBXBuildFile; fileRef = 6EEFD9781F2A6E8B00913452 /* GifPlaying+Helper.swift */; };
		8D685A9F7DF0896F349C6A5F /* Pods_PenPalUITests.framework in Frameworks */ = {isa = PBXBuildFile; fileRef = 6BD8D25D16E9123CB3E9ADCA /* Pods_PenPalUITests.framework */; };
		C2594FFE0F997BA59B550E01 /* Pods_PenPal.framework in Frameworks */ = {isa = PBXBuildFile; fileRef = FF174120D6D559D22B12C4AF /* Pods_PenPal.framework */; };
		D3B40F3EEBB5AD8CAC5D817C /* Pods_PenPalTests.framework in Frameworks */ = {isa = PBXBuildFile; fileRef = 26B93E4619FC6C8558668078 /* Pods_PenPalTests.framework */; };
/* End PBXBuildFile section */

/* Begin PBXContainerItemProxy section */
		6E8C70F91F1657F90015C107 /* PBXContainerItemProxy */ = {
			isa = PBXContainerItemProxy;
			containerPortal = 6E8C70DA1F1657F90015C107 /* Project object */;
			proxyType = 1;
			remoteGlobalIDString = 6E8C70E11F1657F90015C107;
			remoteInfo = PenPal;
		};
		6E8C71041F1657FA0015C107 /* PBXContainerItemProxy */ = {
			isa = PBXContainerItemProxy;
			containerPortal = 6E8C70DA1F1657F90015C107 /* Project object */;
			proxyType = 1;
			remoteGlobalIDString = 6E8C70E11F1657F90015C107;
			remoteInfo = PenPal;
		};
/* End PBXContainerItemProxy section */

/* Begin PBXCopyFilesBuildPhase section */
		6E717D1B1F428B6000AD050D /* Embed Frameworks */ = {
			isa = PBXCopyFilesBuildPhase;
			buildActionMask = 2147483647;
			dstPath = "";
			dstSubfolderSpec = 10;
			files = (
			);
			name = "Embed Frameworks";
			runOnlyForDeploymentPostprocessing = 0;
		};
/* End PBXCopyFilesBuildPhase section */

/* Begin PBXFileReference section */
		1F1854E8843286F2D5A9183C /* Pods-PenPal.debug.xcconfig */ = {isa = PBXFileReference; includeInIndex = 1; lastKnownFileType = text.xcconfig; name = "Pods-PenPal.debug.xcconfig"; path = "Pods/Target Support Files/Pods-PenPal/Pods-PenPal.debug.xcconfig"; sourceTree = "<group>"; };
		26B93E4619FC6C8558668078 /* Pods_PenPalTests.framework */ = {isa = PBXFileReference; explicitFileType = wrapper.framework; includeInIndex = 0; path = Pods_PenPalTests.framework; sourceTree = BUILT_PRODUCTS_DIR; };
		582B7570E9897A6D74C17350 /* Pods-PenPalUITests.debug.xcconfig */ = {isa = PBXFileReference; includeInIndex = 1; lastKnownFileType = text.xcconfig; name = "Pods-PenPalUITests.debug.xcconfig"; path = "Pods/Target Support Files/Pods-PenPalUITests/Pods-PenPalUITests.debug.xcconfig"; sourceTree = "<group>"; };
		665BAB50456595C786368A63 /* Pods-PenPalTests.debug.xcconfig */ = {isa = PBXFileReference; includeInIndex = 1; lastKnownFileType = text.xcconfig; name = "Pods-PenPalTests.debug.xcconfig"; path = "Pods/Target Support Files/Pods-PenPalTests/Pods-PenPalTests.debug.xcconfig"; sourceTree = "<group>"; };
		6BD8D25D16E9123CB3E9ADCA /* Pods_PenPalUITests.framework */ = {isa = PBXFileReference; explicitFileType = wrapper.framework; includeInIndex = 0; path = Pods_PenPalUITests.framework; sourceTree = BUILT_PRODUCTS_DIR; };
		6E16FCCE1F17EA760075A113 /* ExternalLearnerCell.swift */ = {isa = PBXFileReference; fileEncoding = 4; lastKnownFileType = sourcecode.swift; name = ExternalLearnerCell.swift; path = Views/ExternalLearnerCell.swift; sourceTree = "<group>"; };
		6E1AFBE41F292E870065D9B9 /* DictionaryController.swift */ = {isa = PBXFileReference; fileEncoding = 4; lastKnownFileType = sourcecode.swift; name = DictionaryController.swift; path = Controllers/DictionaryController.swift; sourceTree = "<group>"; };
		6E1AFBE61F29759A0065D9B9 /* MyLanguagesCollectionViewCell.swift */ = {isa = PBXFileReference; fileEncoding = 4; lastKnownFileType = sourcecode.swift; name = MyLanguagesCollectionViewCell.swift; path = Views/MyLanguagesCollectionViewCell.swift; sourceTree = "<group>"; };
		6E1E9B261F25ACBA006C2338 /* PickInterestsController.swift */ = {isa = PBXFileReference; fileEncoding = 4; lastKnownFileType = sourcecode.swift; name = PickInterestsController.swift; path = Controllers/PickInterestsController.swift; sourceTree = "<group>"; };
		6E1E9B2A1F25AD10006C2338 /* PickInterestsCell.swift */ = {isa = PBXFileReference; fileEncoding = 4; lastKnownFileType = sourcecode.swift; name = PickInterestsCell.swift; path = Views/PickInterestsCell.swift; sourceTree = "<group>"; };
		6E1E9B2F1F263A66006C2338 /* Firebase+Service.swift */ = {isa = PBXFileReference; fileEncoding = 4; lastKnownFileType = sourcecode.swift; name = "Firebase+Service.swift"; path = "Services/Firebase+Service.swift"; sourceTree = "<group>"; };
		6E1E9B331F268DD2006C2338 /* Colors.swift */ = {isa = PBXFileReference; fileEncoding = 4; lastKnownFileType = sourcecode.swift; path = Colors.swift; sourceTree = "<group>"; };
		6E1E9B351F2693F1006C2338 /* User.swift */ = {isa = PBXFileReference; fileEncoding = 4; lastKnownFileType = sourcecode.swift; name = User.swift; path = Models/User.swift; sourceTree = "<group>"; };
		6E1E9B371F26D825006C2338 /* AuthenticationError+Service.swift */ = {isa = PBXFileReference; fileEncoding = 4; lastKnownFileType = sourcecode.swift; name = "AuthenticationError+Service.swift"; path = "Services/AuthenticationError+Service.swift"; sourceTree = "<group>"; };
		6E58DBA31F19016D0031E78B /* GoogleService-Info.plist */ = {isa = PBXFileReference; fileEncoding = 4; lastKnownFileType = text.plist.xml; name = "GoogleService-Info.plist"; path = "Supporting/GoogleService-Info.plist"; sourceTree = "<group>"; };
		6E58DBA51F1901DC0031E78B /* Roboto-Black.ttf */ = {isa = PBXFileReference; lastKnownFileType = file; name = "Roboto-Black.ttf"; path = "Rescources/Roboto-Black.ttf"; sourceTree = "<group>"; };
		6E58DBA61F1901DC0031E78B /* Roboto-BlackItalic.ttf */ = {isa = PBXFileReference; lastKnownFileType = file; name = "Roboto-BlackItalic.ttf"; path = "Rescources/Roboto-BlackItalic.ttf"; sourceTree = "<group>"; };
		6E58DBA71F1901DC0031E78B /* Roboto-Bold.ttf */ = {isa = PBXFileReference; lastKnownFileType = file; name = "Roboto-Bold.ttf"; path = "Rescources/Roboto-Bold.ttf"; sourceTree = "<group>"; };
		6E58DBA81F1901DC0031E78B /* Roboto-BoldItalic.ttf */ = {isa = PBXFileReference; lastKnownFileType = file; name = "Roboto-BoldItalic.ttf"; path = "Rescources/Roboto-BoldItalic.ttf"; sourceTree = "<group>"; };
		6E58DBA91F1901DC0031E78B /* Roboto-Italic.ttf */ = {isa = PBXFileReference; lastKnownFileType = file; name = "Roboto-Italic.ttf"; path = "Rescources/Roboto-Italic.ttf"; sourceTree = "<group>"; };
		6E58DBAA1F1901DC0031E78B /* Roboto-Light.ttf */ = {isa = PBXFileReference; lastKnownFileType = file; name = "Roboto-Light.ttf"; path = "Rescources/Roboto-Light.ttf"; sourceTree = "<group>"; };
		6E58DBAB1F1901DC0031E78B /* Roboto-LightItalic.ttf */ = {isa = PBXFileReference; lastKnownFileType = file; name = "Roboto-LightItalic.ttf"; path = "Rescources/Roboto-LightItalic.ttf"; sourceTree = "<group>"; };
		6E58DBAC1F1901DC0031E78B /* Roboto-Medium.ttf */ = {isa = PBXFileReference; lastKnownFileType = file; name = "Roboto-Medium.ttf"; path = "Rescources/Roboto-Medium.ttf"; sourceTree = "<group>"; };
		6E58DBAD1F1901DC0031E78B /* Roboto-MediumItalic.ttf */ = {isa = PBXFileReference; lastKnownFileType = file; name = "Roboto-MediumItalic.ttf"; path = "Rescources/Roboto-MediumItalic.ttf"; sourceTree = "<group>"; };
		6E58DBAE1F1901DC0031E78B /* Roboto-Regular.ttf */ = {isa = PBXFileReference; lastKnownFileType = file; name = "Roboto-Regular.ttf"; path = "Rescources/Roboto-Regular.ttf"; sourceTree = "<group>"; };
		6E58DBAF1F1901DC0031E78B /* Roboto-Thin.ttf */ = {isa = PBXFileReference; lastKnownFileType = file; name = "Roboto-Thin.ttf"; path = "Rescources/Roboto-Thin.ttf"; sourceTree = "<group>"; };
		6E58DBB01F1901DC0031E78B /* Roboto-ThinItalic.ttf */ = {isa = PBXFileReference; lastKnownFileType = file; name = "Roboto-ThinItalic.ttf"; path = "Rescources/Roboto-ThinItalic.ttf"; sourceTree = "<group>"; };
		6E58DBBD1F1901E90031E78B /* SignUpController.swift */ = {isa = PBXFileReference; fileEncoding = 4; lastKnownFileType = sourcecode.swift; name = SignUpController.swift; path = Controllers/SignUpController.swift; sourceTree = "<group>"; };
		6E58DBBF1F1901F50031E78B /* ExternalLearner.swift */ = {isa = PBXFileReference; fileEncoding = 4; lastKnownFileType = sourcecode.swift; name = ExternalLearner.swift; path = Models/ExternalLearner.swift; sourceTree = "<group>"; };
		6E58DBC31F1902220031E78B /* Constants.swift */ = {isa = PBXFileReference; fileEncoding = 4; lastKnownFileType = sourcecode.swift; name = Constants.swift; path = Supporting/Constants.swift; sourceTree = "<group>"; };
		6E58DBC41F1902220031E78B /* MainFunctions.swift */ = {isa = PBXFileReference; fileEncoding = 4; lastKnownFileType = sourcecode.swift; name = MainFunctions.swift; path = Supporting/MainFunctions.swift; sourceTree = "<group>"; };
		6E58DBC51F1902220031E78B /* Info.plist */ = {isa = PBXFileReference; fileEncoding = 4; lastKnownFileType = text.plist.xml; name = Info.plist; path = Supporting/Info.plist; sourceTree = "<group>"; };
		6E58DBC91F19022E0031E78B /* TextFieldPadding.swift */ = {isa = PBXFileReference; fileEncoding = 4; lastKnownFileType = sourcecode.swift; name = TextFieldPadding.swift; path = Views/TextFieldPadding.swift; sourceTree = "<group>"; };
		6E632DC91F17C10000765AB7 /* HomeController.swift */ = {isa = PBXFileReference; fileEncoding = 4; lastKnownFileType = sourcecode.swift; name = HomeController.swift; path = Controllers/HomeController.swift; sourceTree = "<group>"; };
		6E6E20A71F192EC60032ADBC /* CircleImage.swift */ = {isa = PBXFileReference; fileEncoding = 4; lastKnownFileType = sourcecode.swift; path = CircleImage.swift; sourceTree = "<group>"; };
		6E6E20A91F1941520032ADBC /* PickTargetLanguageController.swift */ = {isa = PBXFileReference; fileEncoding = 4; lastKnownFileType = sourcecode.swift; name = PickTargetLanguageController.swift; path = Controllers/PickTargetLanguageController.swift; sourceTree = "<group>"; };
		6E717D0F1F42335600AD050D /* DictionaryCell.swift */ = {isa = PBXFileReference; fileEncoding = 4; lastKnownFileType = sourcecode.swift; name = DictionaryCell.swift; path = Views/DictionaryCell.swift; sourceTree = "<group>"; };
		6E717D111F42342F00AD050D /* DictionaryEntry.swift */ = {isa = PBXFileReference; fileEncoding = 4; lastKnownFileType = sourcecode.swift; name = DictionaryEntry.swift; path = Models/DictionaryEntry.swift; sourceTree = "<group>"; };
		6E717D131F42361C00AD050D /* DictionaryEntryCreationController.swift */ = {isa = PBXFileReference; fileEncoding = 4; lastKnownFileType = sourcecode.swift; name = DictionaryEntryCreationController.swift; path = Controllers/DictionaryEntryCreationController.swift; sourceTree = "<group>"; };
		6E76286C1F3B404B00883DD6 /* Spinner.gif */ = {isa = PBXFileReference; lastKnownFileType = image.gif; name = Spinner.gif; path = Rescources/Spinner.gif; sourceTree = "<group>"; };
		6E76286E1F3B58F900883DD6 /* CorrectionsController.swift */ = {isa = PBXFileReference; fileEncoding = 4; lastKnownFileType = sourcecode.swift; name = CorrectionsController.swift; path = Controllers/CorrectionsController.swift; sourceTree = "<group>"; };
		6E7628701F3B5C6900883DD6 /* CorrectionCell.swift */ = {isa = PBXFileReference; fileEncoding = 4; lastKnownFileType = sourcecode.swift; name = CorrectionCell.swift; path = Views/CorrectionCell.swift; sourceTree = "<group>"; };
		6E7628721F3B5D9400883DD6 /* Correction.swift */ = {isa = PBXFileReference; fileEncoding = 4; lastKnownFileType = sourcecode.swift; name = Correction.swift; path = Models/Correction.swift; sourceTree = "<group>"; };
		6E7628741F3B837100883DD6 /* StandardLoadingAnimation.gif */ = {isa = PBXFileReference; lastKnownFileType = image.gif; name = StandardLoadingAnimation.gif; path = Rescources/StandardLoadingAnimation.gif; sourceTree = "<group>"; };
		6E7628761F3B9F1400883DD6 /* FullCorrectionController.swift */ = {isa = PBXFileReference; fileEncoding = 4; lastKnownFileType = sourcecode.swift; name = FullCorrectionController.swift; path = Controllers/FullCorrectionController.swift; sourceTree = "<group>"; };
		6E7A162E1F448E00009A5838 /* Base */ = {isa = PBXFileReference; lastKnownFileType = file.storyboard; name = Base; path = Base.lproj/Home.storyboard; sourceTree = "<group>"; };
		6E7A16311F448E09009A5838 /* Base */ = {isa = PBXFileReference; lastKnownFileType = file.storyboard; name = Base; path = Base.lproj/Main.storyboard; sourceTree = "<group>"; };
		6E7A16331F448E19009A5838 /* de */ = {isa = PBXFileReference; lastKnownFileType = text.plist.strings; name = de; path = de.lproj/Main.strings; sourceTree = "<group>"; };
		6E7A16341F448E19009A5838 /* de */ = {isa = PBXFileReference; lastKnownFileType = text.plist.strings; name = de; path = de.lproj/Home.strings; sourceTree = "<group>"; };
		6E7A16361F448F48009A5838 /* Base */ = {isa = PBXFileReference; lastKnownFileType = text.plist.strings; name = Base; path = Base.lproj/Localizable.strings; sourceTree = "<group>"; };
		6E7A16381F448F5F009A5838 /* de */ = {isa = PBXFileReference; fileEncoding = 10; lastKnownFileType = text.plist.strings; name = de; path = de.lproj/Localizable.strings; sourceTree = "<group>"; };
		6E7A16391F45D55A009A5838 /* es */ = {isa = PBXFileReference; lastKnownFileType = text.plist.strings; name = es; path = es.lproj/Main.strings; sourceTree = "<group>"; };
		6E7A163A1F45D55A009A5838 /* es */ = {isa = PBXFileReference; lastKnownFileType = text.plist.strings; name = es; path = es.lproj/Home.strings; sourceTree = "<group>"; };
		6E7A163B1F45D55A009A5838 /* es */ = {isa = PBXFileReference; lastKnownFileType = text.plist.strings; name = es; path = es.lproj/Localizable.strings; sourceTree = "<group>"; };
		6E7A163C1F45DF6E009A5838 /* zh-Hans */ = {isa = PBXFileReference; lastKnownFileType = text.plist.strings; name = "zh-Hans"; path = "zh-Hans.lproj/Main.strings"; sourceTree = "<group>"; };
		6E7A163D1F45DF6E009A5838 /* zh-Hans */ = {isa = PBXFileReference; lastKnownFileType = text.plist.strings; name = "zh-Hans"; path = "zh-Hans.lproj/Home.strings"; sourceTree = "<group>"; };
		6E7A163E1F45DF6E009A5838 /* zh-Hans */ = {isa = PBXFileReference; lastKnownFileType = text.plist.strings; name = "zh-Hans"; path = "zh-Hans.lproj/Localizable.strings"; sourceTree = "<group>"; };
		6E7A163F1F45EE18009A5838 /* ja */ = {isa = PBXFileReference; lastKnownFileType = text.plist.strings; name = ja; path = ja.lproj/Main.strings; sourceTree = "<group>"; };
		6E7A16401F45EE18009A5838 /* ja */ = {isa = PBXFileReference; lastKnownFileType = text.plist.strings; name = ja; path = ja.lproj/Home.strings; sourceTree = "<group>"; };
		6E7A16411F45EE18009A5838 /* ja */ = {isa = PBXFileReference; lastKnownFileType = text.plist.strings; name = ja; path = ja.lproj/Localizable.strings; sourceTree = "<group>"; };
		6E7A16421F460D8D009A5838 /* fr */ = {isa = PBXFileReference; lastKnownFileType = text.plist.strings; name = fr; path = fr.lproj/Main.strings; sourceTree = "<group>"; };
		6E7A16431F460D8D009A5838 /* fr */ = {isa = PBXFileReference; lastKnownFileType = text.plist.strings; name = fr; path = fr.lproj/Home.strings; sourceTree = "<group>"; };
		6E7A16441F460D8D009A5838 /* fr */ = {isa = PBXFileReference; lastKnownFileType = text.plist.strings; name = fr; path = fr.lproj/Localizable.strings; sourceTree = "<group>"; };
		6E7A16451F461664009A5838 /* it */ = {isa = PBXFileReference; lastKnownFileType = text.plist.strings; name = it; path = it.lproj/Main.strings; sourceTree = "<group>"; };
		6E7A16461F461664009A5838 /* it */ = {isa = PBXFileReference; lastKnownFileType = text.plist.strings; name = it; path = it.lproj/Home.strings; sourceTree = "<group>"; };
		6E7A16471F461665009A5838 /* it */ = {isa = PBXFileReference; lastKnownFileType = text.plist.strings; name = it; path = it.lproj/Localizable.strings; sourceTree = "<group>"; };
		6E7A16481F46207B009A5838 /* ru */ = {isa = PBXFileReference; lastKnownFileType = text.plist.strings; name = ru; path = ru.lproj/Main.strings; sourceTree = "<group>"; };
		6E7A16491F46207B009A5838 /* ru */ = {isa = PBXFileReference; lastKnownFileType = text.plist.strings; name = ru; path = ru.lproj/Home.strings; sourceTree = "<group>"; };
		6E7A164A1F46207B009A5838 /* ru */ = {isa = PBXFileReference; lastKnownFileType = text.plist.strings; name = ru; path = ru.lproj/Localizable.strings; sourceTree = "<group>"; };
		6E82CB851F17E4A600EA6173 /* ShadowTableView.swift */ = {isa = PBXFileReference; fileEncoding = 4; lastKnownFileType = sourcecode.swift; name = ShadowTableView.swift; path = Views/ShadowTableView.swift; sourceTree = "<group>"; };
		6E82CB871F17E4D500EA6173 /* ShadowView.swift */ = {isa = PBXFileReference; fileEncoding = 4; lastKnownFileType = sourcecode.swift; name = ShadowView.swift; path = Views/ShadowView.swift; sourceTree = "<group>"; };
		6E8C70E21F1657F90015C107 /* PenPal.app */ = {isa = PBXFileReference; explicitFileType = wrapper.application; includeInIndex = 0; path = PenPal.app; sourceTree = BUILT_PRODUCTS_DIR; };
		6E8C70E51F1657F90015C107 /* AppDelegate.swift */ = {isa = PBXFileReference; lastKnownFileType = sourcecode.swift; path = AppDelegate.swift; sourceTree = "<group>"; };
		6E8C70EE1F1657F90015C107 /* Assets.xcassets */ = {isa = PBXFileReference; lastKnownFileType = folder.assetcatalog; path = Assets.xcassets; sourceTree = "<group>"; };
		6E8C70F81F1657F90015C107 /* PenPalTests.xctest */ = {isa = PBXFileReference; explicitFileType = wrapper.cfbundle; includeInIndex = 0; path = PenPalTests.xctest; sourceTree = BUILT_PRODUCTS_DIR; };
		6E8C70FC1F1657F90015C107 /* PenPalTests.swift */ = {isa = PBXFileReference; lastKnownFileType = sourcecode.swift; path = PenPalTests.swift; sourceTree = "<group>"; };
		6E8C70FE1F1657F90015C107 /* Info.plist */ = {isa = PBXFileReference; lastKnownFileType = text.plist.xml; path = Info.plist; sourceTree = "<group>"; };
		6E8C71031F1657FA0015C107 /* PenPalUITests.xctest */ = {isa = PBXFileReference; explicitFileType = wrapper.cfbundle; includeInIndex = 0; path = PenPalUITests.xctest; sourceTree = BUILT_PRODUCTS_DIR; };
		6E8C71071F1657FA0015C107 /* PenPalUITests.swift */ = {isa = PBXFileReference; lastKnownFileType = sourcecode.swift; path = PenPalUITests.swift; sourceTree = "<group>"; };
		6E8C71091F1657FA0015C107 /* Info.plist */ = {isa = PBXFileReference; lastKnownFileType = text.plist.xml; path = Info.plist; sourceTree = "<group>"; };
		6E8F28D81F27902B004DA767 /* CircleButtonImage.swift */ = {isa = PBXFileReference; fileEncoding = 4; lastKnownFileType = sourcecode.swift; path = CircleButtonImage.swift; sourceTree = "<group>"; };
		6E8F28DB1F28D2CA004DA767 /* SettingsController.swift */ = {isa = PBXFileReference; fileEncoding = 4; lastKnownFileType = sourcecode.swift; name = SettingsController.swift; path = Controllers/SettingsController.swift; sourceTree = "<group>"; };
		6E960AB91F290952003E30CA /* CustomTabBar.swift */ = {isa = PBXFileReference; fileEncoding = 4; lastKnownFileType = sourcecode.swift; path = CustomTabBar.swift; sourceTree = "<group>"; };
		6E9C28751F3CFBB2009C29C9 /* AddNewTargetLanguageController.swift */ = {isa = PBXFileReference; fileEncoding = 4; lastKnownFileType = sourcecode.swift; name = AddNewTargetLanguageController.swift; path = Controllers/AddNewTargetLanguageController.swift; sourceTree = "<group>"; };
		6ED4BCBA1F38A082008E119E /* Chat.swift */ = {isa = PBXFileReference; fileEncoding = 4; lastKnownFileType = sourcecode.swift; name = Chat.swift; path = Models/Chat.swift; sourceTree = "<group>"; };
		6ED4BCBC1F38A144008E119E /* Message.swift */ = {isa = PBXFileReference; fileEncoding = 4; lastKnownFileType = sourcecode.swift; name = Message.swift; path = Models/Message.swift; sourceTree = "<group>"; };
		6ED4BCBE1F38A583008E119E /* ChatService.swift */ = {isa = PBXFileReference; fileEncoding = 4; lastKnownFileType = sourcecode.swift; name = ChatService.swift; path = Services/ChatService.swift; sourceTree = "<group>"; };
		6ED4BCC41F38B4C0008E119E /* ChatsController.swift */ = {isa = PBXFileReference; fileEncoding = 4; lastKnownFileType = sourcecode.swift; name = ChatsController.swift; path = Views/ChatsController.swift; sourceTree = "<group>"; };
		6ED4BCC71F38B595008E119E /* ChatCell.swift */ = {isa = PBXFileReference; fileEncoding = 4; lastKnownFileType = sourcecode.swift; name = ChatCell.swift; path = Views/ChatCell.swift; sourceTree = "<group>"; };
		6ED4BCCC1F38C26B008E119E /* MessageController.swift */ = {isa = PBXFileReference; fileEncoding = 4; lastKnownFileType = sourcecode.swift; name = MessageController.swift; path = Controllers/MessageController.swift; sourceTree = "<group>"; };
		6ED4BCCE1F3A3280008E119E /* ShadowTextView.swift */ = {isa = PBXFileReference; fileEncoding = 4; lastKnownFileType = sourcecode.swift; name = ShadowTextView.swift; path = Views/ShadowTextView.swift; sourceTree = "<group>"; };
		6ED4BCD01F3A37FC008E119E /* ShadowButton.swift */ = {isa = PBXFileReference; fileEncoding = 4; lastKnownFileType = sourcecode.swift; path = ShadowButton.swift; sourceTree = "<group>"; };
		6ED4BCD21F3A38D7008E119E /* ShadowStackView.swift */ = {isa = PBXFileReference; fileEncoding = 4; lastKnownFileType = sourcecode.swift; name = ShadowStackView.swift; path = Views/ShadowStackView.swift; sourceTree = "<group>"; };
		6ED4BCD61F3A3CF6008E119E /* MakeNewCorrectionController.swift */ = {isa = PBXFileReference; fileEncoding = 4; lastKnownFileType = sourcecode.swift; name = MakeNewCorrectionController.swift; path = Controllers/MakeNewCorrectionController.swift; sourceTree = "<group>"; };
		6EDA58921F19625C0071B3F1 /* Languages.swift */ = {isa = PBXFileReference; fileEncoding = 4; lastKnownFileType = sourcecode.swift; name = Languages.swift; path = Supporting/Languages.swift; sourceTree = "<group>"; };
		6EDA58961F1CF7EA0071B3F1 /* PickLanguageCell.swift */ = {isa = PBXFileReference; fileEncoding = 4; lastKnownFileType = sourcecode.swift; name = PickLanguageCell.swift; path = Views/PickLanguageCell.swift; sourceTree = "<group>"; };
		6EDA58991F1D337E0071B3F1 /* PickNativeLanguageController.swift */ = {isa = PBXFileReference; fileEncoding = 4; lastKnownFileType = sourcecode.swift; path = PickNativeLanguageController.swift; sourceTree = "<group>"; };
		6EDA589B1F1D33A00071B3F1 /* PickNativeLanguageCell.swift */ = {isa = PBXFileReference; fileEncoding = 4; lastKnownFileType = sourcecode.swift; name = PickNativeLanguageCell.swift; path = Views/PickNativeLanguageCell.swift; sourceTree = "<group>"; };
		6EDA589D1F1D44FF0071B3F1 /* Interests.swift */ = {isa = PBXFileReference; fileEncoding = 4; lastKnownFileType = sourcecode.swift; name = Interests.swift; path = Supporting/Interests.swift; sourceTree = "<group>"; };
		6EE43CBC1F17B91C002FDC96 /* LaunchScreen.storyboard */ = {isa = PBXFileReference; fileEncoding = 4; lastKnownFileType = file.storyboard; name = LaunchScreen.storyboard; path = Storyboards/LaunchScreen.storyboard; sourceTree = "<group>"; };
		6EE81B931F18648C00C5CF67 /* InitialLandingPage.swift */ = {isa = PBXFileReference; fileEncoding = 4; lastKnownFileType = sourcecode.swift; name = InitialLandingPage.swift; path = Controllers/InitialLandingPage.swift; sourceTree = "<group>"; };
		6EE81B971F1874D000C5CF67 /* LoginController.swift */ = {isa = PBXFileReference; fileEncoding = 4; lastKnownFileType = sourcecode.swift; name = LoginController.swift; path = Controllers/LoginController.swift; sourceTree = "<group>"; };
		6EEDACCC1F41E06F00EC12FA /* EditInterestsController.swift */ = {isa = PBXFileReference; fileEncoding = 4; lastKnownFileType = sourcecode.swift; name = EditInterestsController.swift; path = Controllers/EditInterestsController.swift; sourceTree = "<group>"; };
		6EEDACCE1F41E46D00EC12FA /* EditInterestsCell.swift */ = {isa = PBXFileReference; fileEncoding = 4; lastKnownFileType = sourcecode.swift; name = EditInterestsCell.swift; path = Controllers/EditInterestsCell.swift; sourceTree = "<group>"; };
		6EEDACD01F41F9F800EC12FA /* AddNewTargetLanguageCell.swift */ = {isa = PBXFileReference; fileEncoding = 4; lastKnownFileType = sourcecode.swift; name = AddNewTargetLanguageCell.swift; path = Views/AddNewTargetLanguageCell.swift; sourceTree = "<group>"; };
		6EEFD9781F2A6E8B00913452 /* GifPlaying+Helper.swift */ = {isa = PBXFileReference; fileEncoding = 4; lastKnownFileType = sourcecode.swift; name = "GifPlaying+Helper.swift"; path = "Helpers/GifPlaying+Helper.swift"; sourceTree = "<group>"; };
		7AEA19E07C3AE3F4FB494E70 /* Pods-PenPalUITests.release.xcconfig */ = {isa = PBXFileReference; includeInIndex = 1; lastKnownFileType = text.xcconfig; name = "Pods-PenPalUITests.release.xcconfig"; path = "Pods/Target Support Files/Pods-PenPalUITests/Pods-PenPalUITests.release.xcconfig"; sourceTree = "<group>"; };
		CBBAE3A3E415C4AF0D068819 /* Pods-PenPal.release.xcconfig */ = {isa = PBXFileReference; includeInIndex = 1; lastKnownFileType = text.xcconfig; name = "Pods-PenPal.release.xcconfig"; path = "Pods/Target Support Files/Pods-PenPal/Pods-PenPal.release.xcconfig"; sourceTree = "<group>"; };
		ED69885096811600CBF809EB /* Pods-PenPalTests.release.xcconfig */ = {isa = PBXFileReference; includeInIndex = 1; lastKnownFileType = text.xcconfig; name = "Pods-PenPalTests.release.xcconfig"; path = "Pods/Target Support Files/Pods-PenPalTests/Pods-PenPalTests.release.xcconfig"; sourceTree = "<group>"; };
		FF174120D6D559D22B12C4AF /* Pods_PenPal.framework */ = {isa = PBXFileReference; explicitFileType = wrapper.framework; includeInIndex = 0; path = Pods_PenPal.framework; sourceTree = BUILT_PRODUCTS_DIR; };
/* End PBXFileReference section */

/* Begin PBXFrameworksBuildPhase section */
		6E8C70DF1F1657F90015C107 /* Frameworks */ = {
			isa = PBXFrameworksBuildPhase;
			buildActionMask = 2147483647;
			files = (
				C2594FFE0F997BA59B550E01 /* Pods_PenPal.framework in Frameworks */,
			);
			runOnlyForDeploymentPostprocessing = 0;
		};
		6E8C70F51F1657F90015C107 /* Frameworks */ = {
			isa = PBXFrameworksBuildPhase;
			buildActionMask = 2147483647;
			files = (
				D3B40F3EEBB5AD8CAC5D817C /* Pods_PenPalTests.framework in Frameworks */,
			);
			runOnlyForDeploymentPostprocessing = 0;
		};
		6E8C71001F1657FA0015C107 /* Frameworks */ = {
			isa = PBXFrameworksBuildPhase;
			buildActionMask = 2147483647;
			files = (
				8D685A9F7DF0896F349C6A5F /* Pods_PenPalUITests.framework in Frameworks */,
			);
			runOnlyForDeploymentPostprocessing = 0;
		};
/* End PBXFrameworksBuildPhase section */

/* Begin PBXGroup section */
		3CB5516479C2CBDA6606F966 /* Pods */ = {
			isa = PBXGroup;
			children = (
				1F1854E8843286F2D5A9183C /* Pods-PenPal.debug.xcconfig */,
				CBBAE3A3E415C4AF0D068819 /* Pods-PenPal.release.xcconfig */,
				665BAB50456595C786368A63 /* Pods-PenPalTests.debug.xcconfig */,
				ED69885096811600CBF809EB /* Pods-PenPalTests.release.xcconfig */,
				582B7570E9897A6D74C17350 /* Pods-PenPalUITests.debug.xcconfig */,
				7AEA19E07C3AE3F4FB494E70 /* Pods-PenPalUITests.release.xcconfig */,
			);
			name = Pods;
			sourceTree = "<group>";
		};
		6E1E9B2C1F2639CF006C2338 /* Specialized Views */ = {
			isa = PBXGroup;
			children = (
				6E82CB871F17E4D500EA6173 /* ShadowView.swift */,
				6E82CB851F17E4A600EA6173 /* ShadowTableView.swift */,
				6ED4BCCE1F3A3280008E119E /* ShadowTextView.swift */,
				6ED4BCD01F3A37FC008E119E /* ShadowButton.swift */,
				6ED4BCD21F3A38D7008E119E /* ShadowStackView.swift */,
			);
			name = "Specialized Views";
			sourceTree = "<group>";
		};
		6E1E9B2D1F263A0A006C2338 /* Global Functions */ = {
			isa = PBXGroup;
			children = (
				6E58DBC41F1902220031E78B /* MainFunctions.swift */,
			);
			name = "Global Functions";
			sourceTree = "<group>";
		};
		6E1E9B2E1F263A15006C2338 /* Global Constants */ = {
			isa = PBXGroup;
			children = (
				6E58DBC31F1902220031E78B /* Constants.swift */,
				6EDA58921F19625C0071B3F1 /* Languages.swift */,
				6EDA589D1F1D44FF0071B3F1 /* Interests.swift */,
				6E1E9B331F268DD2006C2338 /* Colors.swift */,
			);
			name = "Global Constants";
			sourceTree = "<group>";
		};
		6E6E20A61F192B330032ADBC /* Fonts */ = {
			isa = PBXGroup;
			children = (
				6E58DBA51F1901DC0031E78B /* Roboto-Black.ttf */,
				6E58DBA61F1901DC0031E78B /* Roboto-BlackItalic.ttf */,
				6E58DBA71F1901DC0031E78B /* Roboto-Bold.ttf */,
				6E58DBA81F1901DC0031E78B /* Roboto-BoldItalic.ttf */,
				6E58DBA91F1901DC0031E78B /* Roboto-Italic.ttf */,
				6E58DBAA1F1901DC0031E78B /* Roboto-Light.ttf */,
				6E58DBAB1F1901DC0031E78B /* Roboto-LightItalic.ttf */,
				6E58DBAC1F1901DC0031E78B /* Roboto-Medium.ttf */,
				6E58DBAD1F1901DC0031E78B /* Roboto-MediumItalic.ttf */,
				6E58DBAE1F1901DC0031E78B /* Roboto-Regular.ttf */,
				6E58DBAF1F1901DC0031E78B /* Roboto-Thin.ttf */,
				6E58DBB01F1901DC0031E78B /* Roboto-ThinItalic.ttf */,
			);
			name = Fonts;
			sourceTree = "<group>";
		};
		6E8C70D91F1657F90015C107 = {
			isa = PBXGroup;
			children = (
				6E8C70E41F1657F90015C107 /* PenPal */,
				6E8C70FB1F1657F90015C107 /* PenPalTests */,
				6E8C71061F1657FA0015C107 /* PenPalUITests */,
				6E8C70E31F1657F90015C107 /* Products */,
				3CB5516479C2CBDA6606F966 /* Pods */,
				C20CF1A2C5D5508B7F61F3BE /* Frameworks */,
			);
			sourceTree = "<group>";
		};
		6E8C70E31F1657F90015C107 /* Products */ = {
			isa = PBXGroup;
			children = (
				6E8C70E21F1657F90015C107 /* PenPal.app */,
				6E8C70F81F1657F90015C107 /* PenPalTests.xctest */,
				6E8C71031F1657FA0015C107 /* PenPalUITests.xctest */,
			);
			name = Products;
			sourceTree = "<group>";
		};
		6E8C70E41F1657F90015C107 /* PenPal */ = {
			isa = PBXGroup;
			children = (
				6EE43CA21F17B1AC002FDC96 /* Rescources */,
				6E8C711C1F17189A0015C107 /* Controllers */,
				6E8C711B1F1718870015C107 /* Extensions */,
				6E8C711A1F17187F0015C107 /* Helpers */,
				6E8C71191F1718770015C107 /* Models */,
				6E8C71181F17186E0015C107 /* Services */,
				6E8C71171F1718650015C107 /* Storyboards */,
				6E8C71161F17185B0015C107 /* Supporting */,
				6E8C71151F1718550015C107 /* Views */,
				6E8C70E51F1657F90015C107 /* AppDelegate.swift */,
			);
			path = PenPal;
			sourceTree = "<group>";
		};
		6E8C70FB1F1657F90015C107 /* PenPalTests */ = {
			isa = PBXGroup;
			children = (
				6E8C70FC1F1657F90015C107 /* PenPalTests.swift */,
				6E8C70FE1F1657F90015C107 /* Info.plist */,
			);
			path = PenPalTests;
			sourceTree = "<group>";
		};
		6E8C71061F1657FA0015C107 /* PenPalUITests */ = {
			isa = PBXGroup;
			children = (
				6E8C71071F1657FA0015C107 /* PenPalUITests.swift */,
				6E8C71091F1657FA0015C107 /* Info.plist */,
			);
			path = PenPalUITests;
			sourceTree = "<group>";
		};
		6E8C71151F1718550015C107 /* Views */ = {
			isa = PBXGroup;
			children = (
				6E1E9B2C1F2639CF006C2338 /* Specialized Views */,
				6EDA58981F1CF7EF0071B3F1 /* TV/CV Cells */,
				6E58DBC91F19022E0031E78B /* TextFieldPadding.swift */,
				6E960AB91F290952003E30CA /* CustomTabBar.swift */,
			);
			name = Views;
			sourceTree = "<group>";
		};
		6E8C71161F17185B0015C107 /* Supporting */ = {
			isa = PBXGroup;
			children = (
				6E1E9B2E1F263A15006C2338 /* Global Constants */,
				6E1E9B2D1F263A0A006C2338 /* Global Functions */,
				6E58DBC51F1902220031E78B /* Info.plist */,
				6E58DBA31F19016D0031E78B /* GoogleService-Info.plist */,
				6E7A16351F448F48009A5838 /* Localizable.strings */,
			);
			name = Supporting;
			sourceTree = "<group>";
		};
		6E8C71171F1718650015C107 /* Storyboards */ = {
			isa = PBXGroup;
			children = (
				6E7A16321F448E09009A5838 /* Main.storyboard */,
				6E7A162F1F448E00009A5838 /* Home.storyboard */,
				6EE43CBC1F17B91C002FDC96 /* LaunchScreen.storyboard */,
			);
			name = Storyboards;
			sourceTree = "<group>";
		};
		6E8C71181F17186E0015C107 /* Services */ = {
			isa = PBXGroup;
			children = (
				6E1E9B2F1F263A66006C2338 /* Firebase+Service.swift */,
				6E1E9B371F26D825006C2338 /* AuthenticationError+Service.swift */,
				6ED4BCBE1F38A583008E119E /* ChatService.swift */,
			);
			name = Services;
			sourceTree = "<group>";
		};
		6E8C71191F1718770015C107 /* Models */ = {
			isa = PBXGroup;
			children = (
				6E58DBBF1F1901F50031E78B /* ExternalLearner.swift */,
				6E1E9B351F2693F1006C2338 /* User.swift */,
				6ED4BCBC1F38A144008E119E /* Message.swift */,
				6ED4BCBA1F38A082008E119E /* Chat.swift */,
				6E7628721F3B5D9400883DD6 /* Correction.swift */,
				6E717D111F42342F00AD050D /* DictionaryEntry.swift */,
			);
			name = Models;
			sourceTree = "<group>";
		};
		6E8C711A1F17187F0015C107 /* Helpers */ = {
			isa = PBXGroup;
			children = (
				6EEFD9781F2A6E8B00913452 /* GifPlaying+Helper.swift */,
			);
			name = Helpers;
			sourceTree = "<group>";
		};
		6E8C711B1F1718870015C107 /* Extensions */ = {
			isa = PBXGroup;
			children = (
				6E6E20A71F192EC60032ADBC /* CircleImage.swift */,
				6E8F28D81F27902B004DA767 /* CircleButtonImage.swift */,
			);
			name = Extensions;
			sourceTree = "<group>";
		};
		6E8C711C1F17189A0015C107 /* Controllers */ = {
			isa = PBXGroup;
			children = (
				6EE81B921F1863F500C5CF67 /* Login Controllers */,
				6E8F28DD1F28D2D6004DA767 /* Home Bar Controllers */,
			);
			name = Controllers;
			sourceTree = "<group>";
		};
		6E8F28DD1F28D2D6004DA767 /* Home Bar Controllers */ = {
			isa = PBXGroup;
			children = (
				6ED4BCC91F38B972008E119E /* Chat & Messages */,
				6ED4BCB91F37F794008E119E /* Settings */,
				6E1AFBE41F292E870065D9B9 /* DictionaryController.swift */,
				6E717D131F42361C00AD050D /* DictionaryEntryCreationController.swift */,
				6E632DC91F17C10000765AB7 /* HomeController.swift */,
				6E76286E1F3B58F900883DD6 /* CorrectionsController.swift */,
				6E7628761F3B9F1400883DD6 /* FullCorrectionController.swift */,
			);
			name = "Home Bar Controllers";
			sourceTree = "<group>";
		};
		6ED4BCB91F37F794008E119E /* Settings */ = {
			isa = PBXGroup;
			children = (
				6E8F28DB1F28D2CA004DA767 /* SettingsController.swift */,
				6E9C28751F3CFBB2009C29C9 /* AddNewTargetLanguageController.swift */,
				6EEDACCC1F41E06F00EC12FA /* EditInterestsController.swift */,
			);
			name = Settings;
			sourceTree = "<group>";
		};
		6ED4BCC91F38B972008E119E /* Chat & Messages */ = {
			isa = PBXGroup;
			children = (
				6ED4BCC41F38B4C0008E119E /* ChatsController.swift */,
				6ED4BCCC1F38C26B008E119E /* MessageController.swift */,
				6ED4BCD61F3A3CF6008E119E /* MakeNewCorrectionController.swift */,
			);
			name = "Chat & Messages";
			sourceTree = "<group>";
		};
		6EDA58981F1CF7EF0071B3F1 /* TV/CV Cells */ = {
			isa = PBXGroup;
			children = (
				6EDA58961F1CF7EA0071B3F1 /* PickLanguageCell.swift */,
				6EDA589B1F1D33A00071B3F1 /* PickNativeLanguageCell.swift */,
				6E1E9B2A1F25AD10006C2338 /* PickInterestsCell.swift */,
				6E16FCCE1F17EA760075A113 /* ExternalLearnerCell.swift */,
				6E1AFBE61F29759A0065D9B9 /* MyLanguagesCollectionViewCell.swift */,
				6ED4BCC71F38B595008E119E /* ChatCell.swift */,
				6E7628701F3B5C6900883DD6 /* CorrectionCell.swift */,
				6EEDACCE1F41E46D00EC12FA /* EditInterestsCell.swift */,
				6EEDACD01F41F9F800EC12FA /* AddNewTargetLanguageCell.swift */,
				6E717D0F1F42335600AD050D /* DictionaryCell.swift */,
			);
			name = "TV/CV Cells";
			sourceTree = "<group>";
		};
		6EE43CA21F17B1AC002FDC96 /* Rescources */ = {
			isa = PBXGroup;
			children = (
				6E76286C1F3B404B00883DD6 /* Spinner.gif */,
				6E7628741F3B837100883DD6 /* StandardLoadingAnimation.gif */,
				6E6E20A61F192B330032ADBC /* Fonts */,
				6E8C70EE1F1657F90015C107 /* Assets.xcassets */,
			);
			name = Rescources;
			sourceTree = "<group>";
		};
		6EE81B921F1863F500C5CF67 /* Login Controllers */ = {
			isa = PBXGroup;
			children = (
				6E58DBBD1F1901E90031E78B /* SignUpController.swift */,
				6EE81B971F1874D000C5CF67 /* LoginController.swift */,
				6EE81B931F18648C00C5CF67 /* InitialLandingPage.swift */,
				6E6E20A91F1941520032ADBC /* PickTargetLanguageController.swift */,
				6EDA58991F1D337E0071B3F1 /* PickNativeLanguageController.swift */,
				6E1E9B261F25ACBA006C2338 /* PickInterestsController.swift */,
			);
			name = "Login Controllers";
			sourceTree = "<group>";
		};
		C20CF1A2C5D5508B7F61F3BE /* Frameworks */ = {
			isa = PBXGroup;
			children = (
				FF174120D6D559D22B12C4AF /* Pods_PenPal.framework */,
				26B93E4619FC6C8558668078 /* Pods_PenPalTests.framework */,
				6BD8D25D16E9123CB3E9ADCA /* Pods_PenPalUITests.framework */,
			);
			name = Frameworks;
			sourceTree = "<group>";
		};
/* End PBXGroup section */

/* Begin PBXNativeTarget section */
		6E8C70E11F1657F90015C107 /* PenPal */ = {
			isa = PBXNativeTarget;
			buildConfigurationList = 6E8C710C1F1657FA0015C107 /* Build configuration list for PBXNativeTarget "PenPal" */;
			buildPhases = (
				0AC9F7E4DEBA38A101E79E34 /* [CP] Check Pods Manifest.lock */,
				6E8C70DE1F1657F90015C107 /* Sources */,
				6E8C70DF1F1657F90015C107 /* Frameworks */,
				6E8C70E01F1657F90015C107 /* Resources */,
				E8D2747D95E53C9BF3445EC8 /* [CP] Embed Pods Frameworks */,
				4BAC25ED120CF83C115BD984 /* [CP] Copy Pods Resources */,
				6E717D1B1F428B6000AD050D /* Embed Frameworks */,
			);
			buildRules = (
			);
			dependencies = (
			);
			name = PenPal;
			productName = PenPal;
			productReference = 6E8C70E21F1657F90015C107 /* PenPal.app */;
			productType = "com.apple.product-type.application";
		};
		6E8C70F71F1657F90015C107 /* PenPalTests */ = {
			isa = PBXNativeTarget;
			buildConfigurationList = 6E8C710F1F1657FA0015C107 /* Build configuration list for PBXNativeTarget "PenPalTests" */;
			buildPhases = (
				D8664E5FCBEA53793069AC98 /* [CP] Check Pods Manifest.lock */,
				6E8C70F41F1657F90015C107 /* Sources */,
				6E8C70F51F1657F90015C107 /* Frameworks */,
				6E8C70F61F1657F90015C107 /* Resources */,
				7B0DF1BCBF930618CE240D40 /* [CP] Embed Pods Frameworks */,
				6645AE60A90AD1B6A900FABC /* [CP] Copy Pods Resources */,
			);
			buildRules = (
			);
			dependencies = (
				6E8C70FA1F1657F90015C107 /* PBXTargetDependency */,
			);
			name = PenPalTests;
			productName = PenPalTests;
			productReference = 6E8C70F81F1657F90015C107 /* PenPalTests.xctest */;
			productType = "com.apple.product-type.bundle.unit-test";
		};
		6E8C71021F1657FA0015C107 /* PenPalUITests */ = {
			isa = PBXNativeTarget;
			buildConfigurationList = 6E8C71121F1657FA0015C107 /* Build configuration list for PBXNativeTarget "PenPalUITests" */;
			buildPhases = (
				131AD26E22D6B2C859559127 /* [CP] Check Pods Manifest.lock */,
				6E8C70FF1F1657FA0015C107 /* Sources */,
				6E8C71001F1657FA0015C107 /* Frameworks */,
				6E8C71011F1657FA0015C107 /* Resources */,
				D924A49B2087C8C915A6A3CB /* [CP] Embed Pods Frameworks */,
				399F2786E666A6D86EF820E6 /* [CP] Copy Pods Resources */,
			);
			buildRules = (
			);
			dependencies = (
				6E8C71051F1657FA0015C107 /* PBXTargetDependency */,
			);
			name = PenPalUITests;
			productName = PenPalUITests;
			productReference = 6E8C71031F1657FA0015C107 /* PenPalUITests.xctest */;
			productType = "com.apple.product-type.bundle.ui-testing";
		};
/* End PBXNativeTarget section */

/* Begin PBXProject section */
		6E8C70DA1F1657F90015C107 /* Project object */ = {
			isa = PBXProject;
			attributes = {
				LastSwiftUpdateCheck = 0830;
				LastUpgradeCheck = 0830;
				ORGANIZATIONNAME = "Will Cohen";
				TargetAttributes = {
					6E8C70E11F1657F90015C107 = {
						CreatedOnToolsVersion = 8.3.2;
						DevelopmentTeam = 2X5M32A4UP;
						ProvisioningStyle = Automatic;
					};
					6E8C70F71F1657F90015C107 = {
						CreatedOnToolsVersion = 8.3.2;
						DevelopmentTeam = 2X5M32A4UP;
						ProvisioningStyle = Automatic;
						TestTargetID = 6E8C70E11F1657F90015C107;
					};
					6E8C71021F1657FA0015C107 = {
						CreatedOnToolsVersion = 8.3.2;
						DevelopmentTeam = 2X5M32A4UP;
						ProvisioningStyle = Automatic;
						TestTargetID = 6E8C70E11F1657F90015C107;
					};
				};
			};
			buildConfigurationList = 6E8C70DD1F1657F90015C107 /* Build configuration list for PBXProject "PenPal" */;
			compatibilityVersion = "Xcode 3.2";
			developmentRegion = English;
			hasScannedForEncodings = 0;
			knownRegions = (
				en,
				Base,
				de,
				es,
				"zh-Hans",
				ja,
				fr,
				it,
				ru,
			);
			mainGroup = 6E8C70D91F1657F90015C107;
			productRefGroup = 6E8C70E31F1657F90015C107 /* Products */;
			projectDirPath = "";
			projectRoot = "";
			targets = (
				6E8C70E11F1657F90015C107 /* PenPal */,
				6E8C70F71F1657F90015C107 /* PenPalTests */,
				6E8C71021F1657FA0015C107 /* PenPalUITests */,
			);
		};
/* End PBXProject section */

/* Begin PBXResourcesBuildPhase section */
		6E8C70E01F1657F90015C107 /* Resources */ = {
			isa = PBXResourcesBuildPhase;
			buildActionMask = 2147483647;
			files = (
				6E76286D1F3B404B00883DD6 /* Spinner.gif in Resources */,
				6E58DBB91F1901DC0031E78B /* Roboto-MediumItalic.ttf in Resources */,
				6E58DBBB1F1901DC0031E78B /* Roboto-Thin.ttf in Resources */,
				6E7628751F3B837100883DD6 /* StandardLoadingAnimation.gif in Resources */,
				6E7A162D1F448E00009A5838 /* Home.storyboard in Resources */,
				6E7A16371F448F48009A5838 /* Localizable.strings in Resources */,
				6E58DBBA1F1901DC0031E78B /* Roboto-Regular.ttf in Resources */,
				6E7A16301F448E09009A5838 /* Main.storyboard in Resources */,
				6E58DBB61F1901DC0031E78B /* Roboto-Light.ttf in Resources */,
				6E58DBBC1F1901DC0031E78B /* Roboto-ThinItalic.ttf in Resources */,
				6EE43CBE1F17B91C002FDC96 /* LaunchScreen.storyboard in Resources */,
				6E58DBB71F1901DC0031E78B /* Roboto-LightItalic.ttf in Resources */,
				6E58DBA41F19016D0031E78B /* GoogleService-Info.plist in Resources */,
				6E58DBB11F1901DC0031E78B /* Roboto-Black.ttf in Resources */,
				6E58DBB31F1901DC0031E78B /* Roboto-Bold.ttf in Resources */,
				6E8C70EF1F1657F90015C107 /* Assets.xcassets in Resources */,
				6E58DBB81F1901DC0031E78B /* Roboto-Medium.ttf in Resources */,
				6E58DBB41F1901DC0031E78B /* Roboto-BoldItalic.ttf in Resources */,
				6E58DBB51F1901DC0031E78B /* Roboto-Italic.ttf in Resources */,
				6E58DBB21F1901DC0031E78B /* Roboto-BlackItalic.ttf in Resources */,
			);
			runOnlyForDeploymentPostprocessing = 0;
		};
		6E8C70F61F1657F90015C107 /* Resources */ = {
			isa = PBXResourcesBuildPhase;
			buildActionMask = 2147483647;
			files = (
			);
			runOnlyForDeploymentPostprocessing = 0;
		};
		6E8C71011F1657FA0015C107 /* Resources */ = {
			isa = PBXResourcesBuildPhase;
			buildActionMask = 2147483647;
			files = (
			);
			runOnlyForDeploymentPostprocessing = 0;
		};
/* End PBXResourcesBuildPhase section */

/* Begin PBXShellScriptBuildPhase section */
		0AC9F7E4DEBA38A101E79E34 /* [CP] Check Pods Manifest.lock */ = {
			isa = PBXShellScriptBuildPhase;
			buildActionMask = 2147483647;
			files = (
			);
			inputPaths = (
			);
			name = "[CP] Check Pods Manifest.lock";
			outputPaths = (
			);
			runOnlyForDeploymentPostprocessing = 0;
			shellPath = /bin/sh;
			shellScript = "diff \"${PODS_PODFILE_DIR_PATH}/Podfile.lock\" \"${PODS_ROOT}/Manifest.lock\" > /dev/null\nif [ $? != 0 ] ; then\n    # print error to STDERR\n    echo \"error: The sandbox is not in sync with the Podfile.lock. Run 'pod install' or update your CocoaPods installation.\" >&2\n    exit 1\nfi\n";
			showEnvVarsInLog = 0;
		};
		131AD26E22D6B2C859559127 /* [CP] Check Pods Manifest.lock */ = {
			isa = PBXShellScriptBuildPhase;
			buildActionMask = 2147483647;
			files = (
			);
			inputPaths = (
			);
			name = "[CP] Check Pods Manifest.lock";
			outputPaths = (
			);
			runOnlyForDeploymentPostprocessing = 0;
			shellPath = /bin/sh;
			shellScript = "diff \"${PODS_PODFILE_DIR_PATH}/Podfile.lock\" \"${PODS_ROOT}/Manifest.lock\" > /dev/null\nif [ $? != 0 ] ; then\n    # print error to STDERR\n    echo \"error: The sandbox is not in sync with the Podfile.lock. Run 'pod install' or update your CocoaPods installation.\" >&2\n    exit 1\nfi\n";
			showEnvVarsInLog = 0;
		};
		399F2786E666A6D86EF820E6 /* [CP] Copy Pods Resources */ = {
			isa = PBXShellScriptBuildPhase;
			buildActionMask = 2147483647;
			files = (
			);
			inputPaths = (
			);
			name = "[CP] Copy Pods Resources";
			outputPaths = (
			);
			runOnlyForDeploymentPostprocessing = 0;
			shellPath = /bin/sh;
			shellScript = "\"${SRCROOT}/Pods/Target Support Files/Pods-PenPalUITests/Pods-PenPalUITests-resources.sh\"\n";
			showEnvVarsInLog = 0;
		};
		4BAC25ED120CF83C115BD984 /* [CP] Copy Pods Resources */ = {
			isa = PBXShellScriptBuildPhase;
			buildActionMask = 2147483647;
			files = (
			);
			inputPaths = (
			);
			name = "[CP] Copy Pods Resources";
			outputPaths = (
			);
			runOnlyForDeploymentPostprocessing = 0;
			shellPath = /bin/sh;
			shellScript = "\"${SRCROOT}/Pods/Target Support Files/Pods-PenPal/Pods-PenPal-resources.sh\"\n";
			showEnvVarsInLog = 0;
		};
		6645AE60A90AD1B6A900FABC /* [CP] Copy Pods Resources */ = {
			isa = PBXShellScriptBuildPhase;
			buildActionMask = 2147483647;
			files = (
			);
			inputPaths = (
			);
			name = "[CP] Copy Pods Resources";
			outputPaths = (
			);
			runOnlyForDeploymentPostprocessing = 0;
			shellPath = /bin/sh;
			shellScript = "\"${SRCROOT}/Pods/Target Support Files/Pods-PenPalTests/Pods-PenPalTests-resources.sh\"\n";
			showEnvVarsInLog = 0;
		};
		7B0DF1BCBF930618CE240D40 /* [CP] Embed Pods Frameworks */ = {
			isa = PBXShellScriptBuildPhase;
			buildActionMask = 2147483647;
			files = (
			);
			inputPaths = (
			);
			name = "[CP] Embed Pods Frameworks";
			outputPaths = (
			);
			runOnlyForDeploymentPostprocessing = 0;
			shellPath = /bin/sh;
			shellScript = "\"${SRCROOT}/Pods/Target Support Files/Pods-PenPalTests/Pods-PenPalTests-frameworks.sh\"\n";
			showEnvVarsInLog = 0;
		};
		D8664E5FCBEA53793069AC98 /* [CP] Check Pods Manifest.lock */ = {
			isa = PBXShellScriptBuildPhase;
			buildActionMask = 2147483647;
			files = (
			);
			inputPaths = (
			);
			name = "[CP] Check Pods Manifest.lock";
			outputPaths = (
			);
			runOnlyForDeploymentPostprocessing = 0;
			shellPath = /bin/sh;
			shellScript = "diff \"${PODS_PODFILE_DIR_PATH}/Podfile.lock\" \"${PODS_ROOT}/Manifest.lock\" > /dev/null\nif [ $? != 0 ] ; then\n    # print error to STDERR\n    echo \"error: The sandbox is not in sync with the Podfile.lock. Run 'pod install' or update your CocoaPods installation.\" >&2\n    exit 1\nfi\n";
			showEnvVarsInLog = 0;
		};
		D924A49B2087C8C915A6A3CB /* [CP] Embed Pods Frameworks */ = {
			isa = PBXShellScriptBuildPhase;
			buildActionMask = 2147483647;
			files = (
			);
			inputPaths = (
			);
			name = "[CP] Embed Pods Frameworks";
			outputPaths = (
			);
			runOnlyForDeploymentPostprocessing = 0;
			shellPath = /bin/sh;
			shellScript = "\"${SRCROOT}/Pods/Target Support Files/Pods-PenPalUITests/Pods-PenPalUITests-frameworks.sh\"\n";
			showEnvVarsInLog = 0;
		};
		E8D2747D95E53C9BF3445EC8 /* [CP] Embed Pods Frameworks */ = {
			isa = PBXShellScriptBuildPhase;
			buildActionMask = 2147483647;
			files = (
			);
			inputPaths = (
			);
			name = "[CP] Embed Pods Frameworks";
			outputPaths = (
			);
			runOnlyForDeploymentPostprocessing = 0;
			shellPath = /bin/sh;
			shellScript = "\"${SRCROOT}/Pods/Target Support Files/Pods-PenPal/Pods-PenPal-frameworks.sh\"\n";
			showEnvVarsInLog = 0;
		};
/* End PBXShellScriptBuildPhase section */

/* Begin PBXSourcesBuildPhase section */
		6E8C70DE1F1657F90015C107 /* Sources */ = {
			isa = PBXSourcesBuildPhase;
			buildActionMask = 2147483647;
			files = (
				6E8F28DC1F28D2CA004DA767 /* SettingsController.swift in Sources */,
				6E9C28761F3CFBB2009C29C9 /* AddNewTargetLanguageController.swift in Sources */,
				6E58DBC71F1902220031E78B /* MainFunctions.swift in Sources */,
				6E1E9B341F268DD2006C2338 /* Colors.swift in Sources */,
				6E7628711F3B5C6900883DD6 /* CorrectionCell.swift in Sources */,
				6ED4BCBD1F38A144008E119E /* Message.swift in Sources */,
				6EE81B981F1874D000C5CF67 /* LoginController.swift in Sources */,
				6E1E9B361F2693F1006C2338 /* User.swift in Sources */,
				6E58DBC61F1902220031E78B /* Constants.swift in Sources */,
				6E1AFBE51F292E870065D9B9 /* DictionaryController.swift in Sources */,
				6EEFD9791F2A6E8B00913452 /* GifPlaying+Helper.swift in Sources */,
				6ED4BCCD1F38C26B008E119E /* MessageController.swift in Sources */,
				6E7628731F3B5D9400883DD6 /* Correction.swift in Sources */,
				6E717D121F42342F00AD050D /* DictionaryEntry.swift in Sources */,
				6E6E20A81F192EC60032ADBC /* CircleImage.swift in Sources */,
				6E82CB881F17E4D500EA6173 /* ShadowView.swift in Sources */,
				6E82CB861F17E4A600EA6173 /* ShadowTableView.swift in Sources */,
				6E8F28D91F27902B004DA767 /* CircleButtonImage.swift in Sources */,
				6EDA589A1F1D337E0071B3F1 /* PickNativeLanguageController.swift in Sources */,
				6E76286F1F3B58F900883DD6 /* CorrectionsController.swift in Sources */,
				6EEDACCD1F41E06F00EC12FA /* EditInterestsController.swift in Sources */,
				6ED4BCD71F3A3CF6008E119E /* MakeNewCorrectionController.swift in Sources */,
				6E16FCCF1F17EA760075A113 /* ExternalLearnerCell.swift in Sources */,
				6E1E9B271F25ACBA006C2338 /* PickInterestsController.swift in Sources */,
				6E1E9B2B1F25AD10006C2338 /* PickInterestsCell.swift in Sources */,
				6E632DCA1F17C10000765AB7 /* HomeController.swift in Sources */,
				6E7628771F3B9F1400883DD6 /* FullCorrectionController.swift in Sources */,
				6EDA589C1F1D33A00071B3F1 /* PickNativeLanguageCell.swift in Sources */,
				6E960ABA1F290952003E30CA /* CustomTabBar.swift in Sources */,
				6E1E9B301F263A66006C2338 /* Firebase+Service.swift in Sources */,
				6E58DBC01F1901F50031E78B /* ExternalLearner.swift in Sources */,
				6ED4BCD31F3A38D7008E119E /* ShadowStackView.swift in Sources */,
				6ED4BCBF1F38A583008E119E /* ChatService.swift in Sources */,
				6EE81B941F18648C00C5CF67 /* InitialLandingPage.swift in Sources */,
				6E58DBCA1F19022E0031E78B /* TextFieldPadding.swift in Sources */,
				6E717D141F42361C00AD050D /* DictionaryEntryCreationController.swift in Sources */,
				6E8C70E61F1657F90015C107 /* AppDelegate.swift in Sources */,
				6E1E9B381F26D825006C2338 /* AuthenticationError+Service.swift in Sources */,
				6ED4BCD11F3A37FC008E119E /* ShadowButton.swift in Sources */,
				6E717D101F42335600AD050D /* DictionaryCell.swift in Sources */,
				6EDA589E1F1D44FF0071B3F1 /* Interests.swift in Sources */,
				6ED4BCC81F38B595008E119E /* ChatCell.swift in Sources */,
				6EDA58971F1CF7EA0071B3F1 /* PickLanguageCell.swift in Sources */,
				6EEDACCF1F41E46D00EC12FA /* EditInterestsCell.swift in Sources */,
				6ED4BCBB1F38A082008E119E /* Chat.swift in Sources */,
				6ED4BCCF1F3A3280008E119E /* ShadowTextView.swift in Sources */,
				6E1AFBE71F29759A0065D9B9 /* MyLanguagesCollectionViewCell.swift in Sources */,
				6ED4BCC51F38B4C0008E119E /* ChatsController.swift in Sources */,
				6E58DBBE1F1901E90031E78B /* SignUpController.swift in Sources */,
				6E6E20AA1F1941520032ADBC /* PickTargetLanguageController.swift in Sources */,
				6EEDACD11F41F9F800EC12FA /* AddNewTargetLanguageCell.swift in Sources */,
				6EDA58931F19625C0071B3F1 /* Languages.swift in Sources */,
			);
			runOnlyForDeploymentPostprocessing = 0;
		};
		6E8C70F41F1657F90015C107 /* Sources */ = {
			isa = PBXSourcesBuildPhase;
			buildActionMask = 2147483647;
			files = (
				6E8C70FD1F1657F90015C107 /* PenPalTests.swift in Sources */,
			);
			runOnlyForDeploymentPostprocessing = 0;
		};
		6E8C70FF1F1657FA0015C107 /* Sources */ = {
			isa = PBXSourcesBuildPhase;
			buildActionMask = 2147483647;
			files = (
				6E8C71081F1657FA0015C107 /* PenPalUITests.swift in Sources */,
			);
			runOnlyForDeploymentPostprocessing = 0;
		};
/* End PBXSourcesBuildPhase section */

/* Begin PBXTargetDependency section */
		6E8C70FA1F1657F90015C107 /* PBXTargetDependency */ = {
			isa = PBXTargetDependency;
			target = 6E8C70E11F1657F90015C107 /* PenPal */;
			targetProxy = 6E8C70F91F1657F90015C107 /* PBXContainerItemProxy */;
		};
		6E8C71051F1657FA0015C107 /* PBXTargetDependency */ = {
			isa = PBXTargetDependency;
			target = 6E8C70E11F1657F90015C107 /* PenPal */;
			targetProxy = 6E8C71041F1657FA0015C107 /* PBXContainerItemProxy */;
		};
/* End PBXTargetDependency section */

/* Begin PBXVariantGroup section */
		6E7A162F1F448E00009A5838 /* Home.storyboard */ = {
			isa = PBXVariantGroup;
			children = (
				6E7A162E1F448E00009A5838 /* Base */,
				6E7A16341F448E19009A5838 /* de */,
				6E7A163A1F45D55A009A5838 /* es */,
				6E7A163D1F45DF6E009A5838 /* zh-Hans */,
				6E7A16401F45EE18009A5838 /* ja */,
				6E7A16431F460D8D009A5838 /* fr */,
				6E7A16461F461664009A5838 /* it */,
				6E7A16491F46207B009A5838 /* ru */,
			);
			name = Home.storyboard;
			sourceTree = "<group>";
		};
		6E7A16321F448E09009A5838 /* Main.storyboard */ = {
			isa = PBXVariantGroup;
			children = (
				6E7A16311F448E09009A5838 /* Base */,
				6E7A16331F448E19009A5838 /* de */,
				6E7A16391F45D55A009A5838 /* es */,
				6E7A163C1F45DF6E009A5838 /* zh-Hans */,
				6E7A163F1F45EE18009A5838 /* ja */,
				6E7A16421F460D8D009A5838 /* fr */,
				6E7A16451F461664009A5838 /* it */,
				6E7A16481F46207B009A5838 /* ru */,
			);
			name = Main.storyboard;
			path = Storyboards;
			sourceTree = "<group>";
		};
		6E7A16351F448F48009A5838 /* Localizable.strings */ = {
			isa = PBXVariantGroup;
			children = (
				6E7A16361F448F48009A5838 /* Base */,
				6E7A16381F448F5F009A5838 /* de */,
				6E7A163B1F45D55A009A5838 /* es */,
				6E7A163E1F45DF6E009A5838 /* zh-Hans */,
				6E7A16411F45EE18009A5838 /* ja */,
				6E7A16441F460D8D009A5838 /* fr */,
				6E7A16471F461665009A5838 /* it */,
				6E7A164A1F46207B009A5838 /* ru */,
			);
			name = Localizable.strings;
			sourceTree = "<group>";
		};
/* End PBXVariantGroup section */

/* Begin XCBuildConfiguration section */
		6E8C710A1F1657FA0015C107 /* Debug */ = {
			isa = XCBuildConfiguration;
			buildSettings = {
				ALWAYS_SEARCH_USER_PATHS = NO;
				CLANG_ANALYZER_LOCALIZABILITY_NONLOCALIZED = YES;
				CLANG_ANALYZER_NONNULL = YES;
				CLANG_ANALYZER_NUMBER_OBJECT_CONVERSION = YES_AGGRESSIVE;
				CLANG_CXX_LANGUAGE_STANDARD = "gnu++0x";
				CLANG_CXX_LIBRARY = "libc++";
				CLANG_ENABLE_MODULES = YES;
				CLANG_ENABLE_OBJC_ARC = YES;
				CLANG_WARN_BOOL_CONVERSION = YES;
				CLANG_WARN_CONSTANT_CONVERSION = YES;
				CLANG_WARN_DIRECT_OBJC_ISA_USAGE = YES_ERROR;
				CLANG_WARN_DOCUMENTATION_COMMENTS = YES;
				CLANG_WARN_EMPTY_BODY = YES;
				CLANG_WARN_ENUM_CONVERSION = YES;
				CLANG_WARN_INFINITE_RECURSION = YES;
				CLANG_WARN_INT_CONVERSION = YES;
				CLANG_WARN_OBJC_ROOT_CLASS = YES_ERROR;
				CLANG_WARN_SUSPICIOUS_MOVE = YES;
				CLANG_WARN_UNREACHABLE_CODE = YES;
				CLANG_WARN__DUPLICATE_METHOD_MATCH = YES;
				"CODE_SIGN_IDENTITY[sdk=iphoneos*]" = "iPhone Developer";
				COPY_PHASE_STRIP = NO;
				DEBUG_INFORMATION_FORMAT = dwarf;
				ENABLE_STRICT_OBJC_MSGSEND = YES;
				ENABLE_TESTABILITY = YES;
				GCC_C_LANGUAGE_STANDARD = gnu99;
				GCC_DYNAMIC_NO_PIC = NO;
				GCC_NO_COMMON_BLOCKS = YES;
				GCC_OPTIMIZATION_LEVEL = 0;
				GCC_PREPROCESSOR_DEFINITIONS = (
					"DEBUG=1",
					"$(inherited)",
				);
				GCC_WARN_64_TO_32_BIT_CONVERSION = YES;
				GCC_WARN_ABOUT_RETURN_TYPE = YES_ERROR;
				GCC_WARN_UNDECLARED_SELECTOR = YES;
				GCC_WARN_UNINITIALIZED_AUTOS = YES_AGGRESSIVE;
				GCC_WARN_UNUSED_FUNCTION = YES;
				GCC_WARN_UNUSED_VARIABLE = YES;
				IPHONEOS_DEPLOYMENT_TARGET = 10.3;
				MTL_ENABLE_DEBUG_INFO = YES;
				ONLY_ACTIVE_ARCH = YES;
				SDKROOT = iphoneos;
				SWIFT_ACTIVE_COMPILATION_CONDITIONS = DEBUG;
				SWIFT_OPTIMIZATION_LEVEL = "-Onone";
				TARGETED_DEVICE_FAMILY = "1,2";
			};
			name = Debug;
		};
		6E8C710B1F1657FA0015C107 /* Release */ = {
			isa = XCBuildConfiguration;
			buildSettings = {
				ALWAYS_SEARCH_USER_PATHS = NO;
				CLANG_ANALYZER_LOCALIZABILITY_NONLOCALIZED = YES;
				CLANG_ANALYZER_NONNULL = YES;
				CLANG_ANALYZER_NUMBER_OBJECT_CONVERSION = YES_AGGRESSIVE;
				CLANG_CXX_LANGUAGE_STANDARD = "gnu++0x";
				CLANG_CXX_LIBRARY = "libc++";
				CLANG_ENABLE_MODULES = YES;
				CLANG_ENABLE_OBJC_ARC = YES;
				CLANG_WARN_BOOL_CONVERSION = YES;
				CLANG_WARN_CONSTANT_CONVERSION = YES;
				CLANG_WARN_DIRECT_OBJC_ISA_USAGE = YES_ERROR;
				CLANG_WARN_DOCUMENTATION_COMMENTS = YES;
				CLANG_WARN_EMPTY_BODY = YES;
				CLANG_WARN_ENUM_CONVERSION = YES;
				CLANG_WARN_INFINITE_RECURSION = YES;
				CLANG_WARN_INT_CONVERSION = YES;
				CLANG_WARN_OBJC_ROOT_CLASS = YES_ERROR;
				CLANG_WARN_SUSPICIOUS_MOVE = YES;
				CLANG_WARN_UNREACHABLE_CODE = YES;
				CLANG_WARN__DUPLICATE_METHOD_MATCH = YES;
				"CODE_SIGN_IDENTITY[sdk=iphoneos*]" = "iPhone Developer";
				COPY_PHASE_STRIP = NO;
				DEBUG_INFORMATION_FORMAT = "dwarf-with-dsym";
				ENABLE_NS_ASSERTIONS = NO;
				ENABLE_STRICT_OBJC_MSGSEND = YES;
				GCC_C_LANGUAGE_STANDARD = gnu99;
				GCC_NO_COMMON_BLOCKS = YES;
				GCC_WARN_64_TO_32_BIT_CONVERSION = YES;
				GCC_WARN_ABOUT_RETURN_TYPE = YES_ERROR;
				GCC_WARN_UNDECLARED_SELECTOR = YES;
				GCC_WARN_UNINITIALIZED_AUTOS = YES_AGGRESSIVE;
				GCC_WARN_UNUSED_FUNCTION = YES;
				GCC_WARN_UNUSED_VARIABLE = YES;
				IPHONEOS_DEPLOYMENT_TARGET = 10.3;
				MTL_ENABLE_DEBUG_INFO = NO;
				SDKROOT = iphoneos;
				SWIFT_OPTIMIZATION_LEVEL = "-Owholemodule";
				TARGETED_DEVICE_FAMILY = "1,2";
				VALIDATE_PRODUCT = YES;
			};
			name = Release;
		};
		6E8C710D1F1657FA0015C107 /* Debug */ = {
			isa = XCBuildConfiguration;
			baseConfigurationReference = 1F1854E8843286F2D5A9183C /* Pods-PenPal.debug.xcconfig */;
			buildSettings = {
				ASSETCATALOG_COMPILER_APPICON_NAME = AppIcon;
				"CODE_SIGN_IDENTITY[sdk=iphoneos*]" = "iPhone Developer";
				DEVELOPMENT_TEAM = 2X5M32A4UP;
				INFOPLIST_FILE = "$(SRCROOT)/PenPal/Supporting/Info.plist";
				IPHONEOS_DEPLOYMENT_TARGET = 10.0;
				LD_RUNPATH_SEARCH_PATHS = "$(inherited) @executable_path/Frameworks";
				PRODUCT_BUNDLE_IDENTIFIER = com.willcohen.Langex;
				PRODUCT_NAME = "$(TARGET_NAME)";
				PROVISIONING_PROFILE = "";
				PROVISIONING_PROFILE_SPECIFIER = "";
				SWIFT_VERSION = 3.0;
			};
			name = Debug;
		};
		6E8C710E1F1657FA0015C107 /* Release */ = {
			isa = XCBuildConfiguration;
			baseConfigurationReference = CBBAE3A3E415C4AF0D068819 /* Pods-PenPal.release.xcconfig */;
			buildSettings = {
				ASSETCATALOG_COMPILER_APPICON_NAME = AppIcon;
				"CODE_SIGN_IDENTITY[sdk=iphoneos*]" = "iPhone Developer";
				DEVELOPMENT_TEAM = 2X5M32A4UP;
				INFOPLIST_FILE = "$(SRCROOT)/PenPal/Supporting/Info.plist";
				IPHONEOS_DEPLOYMENT_TARGET = 10.0;
				LD_RUNPATH_SEARCH_PATHS = "$(inherited) @executable_path/Frameworks";
				PRODUCT_BUNDLE_IDENTIFIER = com.willcohen.Langex;
				PRODUCT_NAME = "$(TARGET_NAME)";
				PROVISIONING_PROFILE = "";
				PROVISIONING_PROFILE_SPECIFIER = "";
				SWIFT_VERSION = 3.0;
			};
			name = Release;
		};
		6E8C71101F1657FA0015C107 /* Debug */ = {
			isa = XCBuildConfiguration;
			baseConfigurationReference = 665BAB50456595C786368A63 /* Pods-PenPalTests.debug.xcconfig */;
			buildSettings = {
				ALWAYS_EMBED_SWIFT_STANDARD_LIBRARIES = YES;
				BUNDLE_LOADER = "$(TEST_HOST)";
				DEVELOPMENT_TEAM = 2X5M32A4UP;
				INFOPLIST_FILE = PenPalTests/Info.plist;
				LD_RUNPATH_SEARCH_PATHS = "$(inherited) @executable_path/Frameworks @loader_path/Frameworks";
				PRODUCT_BUNDLE_IDENTIFIER = com.willcohen.PenPalTests;
				PRODUCT_NAME = "$(TARGET_NAME)";
				SWIFT_VERSION = 3.0;
				TEST_HOST = "$(BUILT_PRODUCTS_DIR)/PenPal.app/PenPal";
			};
			name = Debug;
		};
		6E8C71111F1657FA0015C107 /* Release */ = {
			isa = XCBuildConfiguration;
			baseConfigurationReference = ED69885096811600CBF809EB /* Pods-PenPalTests.release.xcconfig */;
			buildSettings = {
				ALWAYS_EMBED_SWIFT_STANDARD_LIBRARIES = YES;
				BUNDLE_LOADER = "$(TEST_HOST)";
				DEVELOPMENT_TEAM = 2X5M32A4UP;
				INFOPLIST_FILE = PenPalTests/Info.plist;
				LD_RUNPATH_SEARCH_PATHS = "$(inherited) @executable_path/Frameworks @loader_path/Frameworks";
				PRODUCT_BUNDLE_IDENTIFIER = com.willcohen.PenPalTests;
				PRODUCT_NAME = "$(TARGET_NAME)";
				SWIFT_VERSION = 3.0;
				TEST_HOST = "$(BUILT_PRODUCTS_DIR)/PenPal.app/PenPal";
			};
			name = Release;
		};
		6E8C71131F1657FA0015C107 /* Debug */ = {
			isa = XCBuildConfiguration;
			baseConfigurationReference = 582B7570E9897A6D74C17350 /* Pods-PenPalUITests.debug.xcconfig */;
			buildSettings = {
				ALWAYS_EMBED_SWIFT_STANDARD_LIBRARIES = YES;
				DEVELOPMENT_TEAM = 2X5M32A4UP;
				INFOPLIST_FILE = PenPalUITests/Info.plist;
				LD_RUNPATH_SEARCH_PATHS = "$(inherited) @executable_path/Frameworks @loader_path/Frameworks";
				PRODUCT_BUNDLE_IDENTIFIER = com.willcohen.PenPalUITests;
				PRODUCT_NAME = "$(TARGET_NAME)";
				SWIFT_VERSION = 3.0;
				TEST_TARGET_NAME = PenPal;
			};
			name = Debug;
		};
		6E8C71141F1657FA0015C107 /* Release */ = {
			isa = XCBuildConfiguration;
			baseConfigurationReference = 7AEA19E07C3AE3F4FB494E70 /* Pods-PenPalUITests.release.xcconfig */;
			buildSettings = {
				ALWAYS_EMBED_SWIFT_STANDARD_LIBRARIES = YES;
				DEVELOPMENT_TEAM = 2X5M32A4UP;
				INFOPLIST_FILE = PenPalUITests/Info.plist;
				LD_RUNPATH_SEARCH_PATHS = "$(inherited) @executable_path/Frameworks @loader_path/Frameworks";
				PRODUCT_BUNDLE_IDENTIFIER = com.willcohen.PenPalUITests;
				PRODUCT_NAME = "$(TARGET_NAME)";
				SWIFT_VERSION = 3.0;
				TEST_TARGET_NAME = PenPal;
			};
			name = Release;
		};
/* End XCBuildConfiguration section */

/* Begin XCConfigurationList section */
		6E8C70DD1F1657F90015C107 /* Build configuration list for PBXProject "PenPal" */ = {
			isa = XCConfigurationList;
			buildConfigurations = (
				6E8C710A1F1657FA0015C107 /* Debug */,
				6E8C710B1F1657FA0015C107 /* Release */,
			);
			defaultConfigurationIsVisible = 0;
			defaultConfigurationName = Release;
		};
		6E8C710C1F1657FA0015C107 /* Build configuration list for PBXNativeTarget "PenPal" */ = {
			isa = XCConfigurationList;
			buildConfigurations = (
				6E8C710D1F1657FA0015C107 /* Debug */,
				6E8C710E1F1657FA0015C107 /* Release */,
			);
			defaultConfigurationIsVisible = 0;
			defaultConfigurationName = Release;
		};
		6E8C710F1F1657FA0015C107 /* Build configuration list for PBXNativeTarget "PenPalTests" */ = {
			isa = XCConfigurationList;
			buildConfigurations = (
				6E8C71101F1657FA0015C107 /* Debug */,
				6E8C71111F1657FA0015C107 /* Release */,
			);
			defaultConfigurationIsVisible = 0;
			defaultConfigurationName = Release;
		};
		6E8C71121F1657FA0015C107 /* Build configuration list for PBXNativeTarget "PenPalUITests" */ = {
			isa = XCConfigurationList;
			buildConfigurations = (
				6E8C71131F1657FA0015C107 /* Debug */,
				6E8C71141F1657FA0015C107 /* Release */,
			);
			defaultConfigurationIsVisible = 0;
			defaultConfigurationName = Release;
		};
/* End XCConfigurationList section */
	};
	rootObject = 6E8C70DA1F1657F90015C107 /* Project object */;
}
